
Microsoft Visual Studio Solution File, Format Version 12.00
# Visual Studio Version 17
VisualStudioVersion = 17.8.34316.72
MinimumVisualStudioVersion = 10.0.40219.1
Project("{FAE04EC0-301F-11D3-BF4B-00C04F79EFBC}") = "Teste Pleno", "Teste Pleno\Teste Pleno.csproj", "{CDAEDC39-6600-4AD4-A98D-DDBA7E85CBB3}"
EndProject
Global
	GlobalSection(SolutionConfigurationPlatforms) = preSolution
		Debug|Any CPU = Debug|Any CPU
		Release|Any CPU = Release|Any CPU
	EndGlobalSection
	GlobalSection(ProjectConfigurationPlatforms) = postSolution
		{CDAEDC39-6600-4AD4-A98D-DDBA7E85CBB3}.Debug|Any CPU.ActiveCfg = Debug|Any CPU
		{CDAEDC39-6600-4AD4-A98D-DDBA7E85CBB3}.Debug|Any CPU.Build.0 = Debug|Any CPU
		{CDAEDC39-6600-4AD4-A98D-DDBA7E85CBB3}.Release|Any CPU.ActiveCfg = Release|Any CPU
		{CDAEDC39-6600-4AD4-A98D-DDBA7E85CBB3}.Release|Any CPU.Build.0 = Release|Any CPU
	EndGlobalSection
	GlobalSection(SolutionProperties) = preSolution
		HideSolutionNode = FALSE
	EndGlobalSection
	GlobalSection(ExtensibilityGlobals) = postSolution
		SolutionGuid = {5E40E8D7-792B-422F-BAEE-CCFA793DE4FE}
	EndGlobalSection
EndGlobal
